
Microsoft Visual Studio Solution File, Format Version 12.00
# Visual Studio Version 17
VisualStudioVersion = 17.3.32825.248
MinimumVisualStudioVersion = 10.0.40219.1
Project("{FAE04EC0-301F-11D3-BF4B-00C04F79EFBC}") = "CCT.MetodosAcoplados.App", "CCT.MetodosAcoplados.App\CCT.MetodosAcoplados.App.csproj", "{2DCA9DDC-4C7D-4A49-8A51-1B2C2757843B}"
EndProject
Project("{FAE04EC0-301F-11D3-BF4B-00C04F79EFBC}") = "CCT.MetodosAcoplados.UnitTest", "CCT.MetodosAcoplados.UnitTest\CCT.MetodosAcoplados.UnitTest.csproj", "{30331808-01D2-4513-9E1F-CA22232876CC}"
EndProject
Global
	GlobalSection(SolutionConfigurationPlatforms) = preSolution
		Debug|Any CPU = Debug|Any CPU
		Release|Any CPU = Release|Any CPU
	EndGlobalSection
	GlobalSection(ProjectConfigurationPlatforms) = postSolution
		{2DCA9DDC-4C7D-4A49-8A51-1B2C2757843B}.Debug|Any CPU.ActiveCfg = Debug|Any CPU
		{2DCA9DDC-4C7D-4A49-8A51-1B2C2757843B}.Debug|Any CPU.Build.0 = Debug|Any CPU
		{2DCA9DDC-4C7D-4A49-8A51-1B2C2757843B}.Release|Any CPU.ActiveCfg = Release|Any CPU
		{2DCA9DDC-4C7D-4A49-8A51-1B2C2757843B}.Release|Any CPU.Build.0 = Release|Any CPU
		{30331808-01D2-4513-9E1F-CA22232876CC}.Debug|Any CPU.ActiveCfg = Debug|Any CPU
		{30331808-01D2-4513-9E1F-CA22232876CC}.Debug|Any CPU.Build.0 = Debug|Any CPU
		{30331808-01D2-4513-9E1F-CA22232876CC}.Release|Any CPU.ActiveCfg = Release|Any CPU
		{30331808-01D2-4513-9E1F-CA22232876CC}.Release|Any CPU.Build.0 = Release|Any CPU
	EndGlobalSection
	GlobalSection(SolutionProperties) = preSolution
		HideSolutionNode = FALSE
	EndGlobalSection
	GlobalSection(ExtensibilityGlobals) = postSolution
		SolutionGuid = {A88F4AE5-8B58-4DD1-BE47-D5E827E6620A}
	EndGlobalSection
EndGlobal
